
Microsoft Visual Studio Solution File, Format Version 12.00
# Visual Studio Version 16
VisualStudioVersion = 16.0.30225.117
MinimumVisualStudioVersion = 10.0.40219.1
Project("{FAE04EC0-301F-11D3-BF4B-00C04F79EFBC}") = "recap van 0", "recap van 0.csproj", "{845A31E8-0E9D-4330-95FB-B3BBBD5BD0EA}"
EndProject
Global
	GlobalSection(SolutionConfigurationPlatforms) = preSolution
		Debug|Any CPU = Debug|Any CPU
		Release|Any CPU = Release|Any CPU
	EndGlobalSection
	GlobalSection(ProjectConfigurationPlatforms) = postSolution
		{845A31E8-0E9D-4330-95FB-B3BBBD5BD0EA}.Debug|Any CPU.ActiveCfg = Debug|Any CPU
		{845A31E8-0E9D-4330-95FB-B3BBBD5BD0EA}.Debug|Any CPU.Build.0 = Debug|Any CPU
		{845A31E8-0E9D-4330-95FB-B3BBBD5BD0EA}.Release|Any CPU.ActiveCfg = Release|Any CPU
		{845A31E8-0E9D-4330-95FB-B3BBBD5BD0EA}.Release|Any CPU.Build.0 = Release|Any CPU
	EndGlobalSection
	GlobalSection(SolutionProperties) = preSolution
		HideSolutionNode = FALSE
	EndGlobalSection
	GlobalSection(ExtensibilityGlobals) = postSolution
		SolutionGuid = {CDF01757-AABC-47D4-993C-70365B45A6F9}
	EndGlobalSection
EndGlobal
